{
  "name": "testing-github-actions-integration",
  "version": "1.0.0",
  "lockfileVersion": 2,
  "requires": true,
  "packages": {
    "": {
      "name": "testing-github-actions-integration",
      "version": "1.0.0",
      "license": "ISC",
      "dependencies": {
        "@mtm-yinyinaye/hello-package-demo": "^1.0.0"
      }
    },
    "node_modules/@mtm-yinyinaye/hello-package-demo": {
      "version": "1.0.0",
      "resolved": "https://npm.pkg.github.com/download/@mtm-yinyinaye/hello-package-demo/1.0.0/9b5a712ca49c8580eccb80abb529fac5eba7fc2f",
      "integrity": "sha512-y8pAgV8fJnM0NSWJM3rkPI5zEpojEjmeH6D9INUPnV6f2IHrN2rzMcoxWO8fV0CZFBPknTVP7kbPoFElIQyu8Q==",
      "license": "ISC"
    }
  },
  "dependencies": {
    "@mtm-yinyinaye/hello-package-demo": {
      "version": "1.0.0",
      "resolved": "https://npm.pkg.github.com/download/@mtm-yinyinaye/hello-package-demo/1.0.0/9b5a712ca49c8580eccb80abb529fac5eba7fc2f",
      "integrity": "sha512-y8pAgV8fJnM0NSWJM3rkPI5zEpojEjmeH6D9INUPnV6f2IHrN2rzMcoxWO8fV0CZFBPknTVP7kbPoFElIQyu8Q=="
    }
  }
}
